
Microsoft Visual Studio Solution File, Format Version 12.00
# Visual Studio Version 17
VisualStudioVersion = 17.6.33723.286
MinimumVisualStudioVersion = 10.0.40219.1
Project("{FAE04EC0-301F-11D3-BF4B-00C04F79EFBC}") = "NSI-AD24 Digitizer Tool", "NSI-AD24 Digitizer Tool.csproj", "{317DE69D-0365-46C3-9D8E-6FC3BE3CE493}"
EndProject
Global
	GlobalSection(SolutionConfigurationPlatforms) = preSolution
		Debug|Any CPU = Debug|Any CPU
		Release|Any CPU = Release|Any CPU
	EndGlobalSection
	GlobalSection(ProjectConfigurationPlatforms) = postSolution
		{317DE69D-0365-46C3-9D8E-6FC3BE3CE493}.Debug|Any CPU.ActiveCfg = Debug|Any CPU
		{317DE69D-0365-46C3-9D8E-6FC3BE3CE493}.Debug|Any CPU.Build.0 = Debug|Any CPU
		{317DE69D-0365-46C3-9D8E-6FC3BE3CE493}.Release|Any CPU.ActiveCfg = Release|Any CPU
		{317DE69D-0365-46C3-9D8E-6FC3BE3CE493}.Release|Any CPU.Build.0 = Release|Any CPU
	EndGlobalSection
	GlobalSection(SolutionProperties) = preSolution
		HideSolutionNode = FALSE
	EndGlobalSection
	GlobalSection(ExtensibilityGlobals) = postSolution
		SolutionGuid = {BF9617E0-B97B-4160-98ED-A11D0A4E59C9}
	EndGlobalSection
EndGlobal
